
Microsoft Visual Studio Solution File, Format Version 12.00
# Visual Studio Version 17
VisualStudioVersion = 17.8.34525.116
MinimumVisualStudioVersion = 10.0.40219.1
Project("{FAE04EC0-301F-11D3-BF4B-00C04F79EFBC}") = "PizzaPlace", "PizzaPlace\PizzaPlace\PizzaPlace.csproj", "{C26599B9-3507-4AA6-BCF0-05EA3289D8AA}"
EndProject
Project("{FAE04EC0-301F-11D3-BF4B-00C04F79EFBC}") = "PizzaPlace.Client", "PizzaPlace\PizzaPlace.Client\PizzaPlace.Client.csproj", "{A1EFC1A5-3344-40B9-8C84-D7CDC93AD55A}"
EndProject
Project("{FAE04EC0-301F-11D3-BF4B-00C04F79EFBC}") = "PizzaPlace.Shared", "PizzaPlace.Shared\PizzaPlace.Shared.csproj", "{1DA83904-8E2D-4957-A09A-1D11A58457EA}"
EndProject
Global
	GlobalSection(SolutionConfigurationPlatforms) = preSolution
		Debug|Any CPU = Debug|Any CPU
		Release|Any CPU = Release|Any CPU
	EndGlobalSection
	GlobalSection(ProjectConfigurationPlatforms) = postSolution
		{C26599B9-3507-4AA6-BCF0-05EA3289D8AA}.Debug|Any CPU.ActiveCfg = Debug|Any CPU
		{C26599B9-3507-4AA6-BCF0-05EA3289D8AA}.Debug|Any CPU.Build.0 = Debug|Any CPU
		{C26599B9-3507-4AA6-BCF0-05EA3289D8AA}.Release|Any CPU.ActiveCfg = Release|Any CPU
		{C26599B9-3507-4AA6-BCF0-05EA3289D8AA}.Release|Any CPU.Build.0 = Release|Any CPU
		{A1EFC1A5-3344-40B9-8C84-D7CDC93AD55A}.Debug|Any CPU.ActiveCfg = Debug|Any CPU
		{A1EFC1A5-3344-40B9-8C84-D7CDC93AD55A}.Debug|Any CPU.Build.0 = Debug|Any CPU
		{A1EFC1A5-3344-40B9-8C84-D7CDC93AD55A}.Release|Any CPU.ActiveCfg = Release|Any CPU
		{A1EFC1A5-3344-40B9-8C84-D7CDC93AD55A}.Release|Any CPU.Build.0 = Release|Any CPU
		{1DA83904-8E2D-4957-A09A-1D11A58457EA}.Debug|Any CPU.ActiveCfg = Debug|Any CPU
		{1DA83904-8E2D-4957-A09A-1D11A58457EA}.Debug|Any CPU.Build.0 = Debug|Any CPU
		{1DA83904-8E2D-4957-A09A-1D11A58457EA}.Release|Any CPU.ActiveCfg = Release|Any CPU
		{1DA83904-8E2D-4957-A09A-1D11A58457EA}.Release|Any CPU.Build.0 = Release|Any CPU
	EndGlobalSection
	GlobalSection(SolutionProperties) = preSolution
		HideSolutionNode = FALSE
	EndGlobalSection
	GlobalSection(ExtensibilityGlobals) = postSolution
		SolutionGuid = {1FB433E0-3163-4060-B810-84DFA285E1AF}
	EndGlobalSection
EndGlobal
